// !$*UTF8*$!
{
	archiveVersion = 1;
	classes = {
	};
	objectVersion = 50;
	objects = {

/* Begin PBXBuildFile section */
		2011BD4225D3D3AA0055264E /* AppDelegate.swift in Sources */ = {isa = PBXBuildFile; fileRef = 2011BD4125D3D3AA0055264E /* AppDelegate.swift */; };
		2011BD4425D3D3AA0055264E /* SceneDelegate.swift in Sources */ = {isa = PBXBuildFile; fileRef = 2011BD4325D3D3AA0055264E /* SceneDelegate.swift */; };
		2011BD4625D3D3AA0055264E /* ViewController.swift in Sources */ = {isa = PBXBuildFile; fileRef = 2011BD4525D3D3AA0055264E /* ViewController.swift */; };
		2011BD4925D3D3AA0055264E /* Main.storyboard in Resources */ = {isa = PBXBuildFile; fileRef = 2011BD4725D3D3AA0055264E /* Main.storyboard */; };
		2011BD4B25D3D3AB0055264E /* Assets.xcassets in Resources */ = {isa = PBXBuildFile; fileRef = 2011BD4A25D3D3AB0055264E /* Assets.xcassets */; };
		2011BD4E25D3D3AB0055264E /* LaunchScreen.storyboard in Resources */ = {isa = PBXBuildFile; fileRef = 2011BD4C25D3D3AB0055264E /* LaunchScreen.storyboard */; };
		2011BD5825D3DA2D0055264E /* GameScene.swift in Sources */ = {isa = PBXBuildFile; fileRef = 2011BD5725D3DA2D0055264E /* GameScene.swift */; };
		2063343E25DB98CB00256E10 /* bgm1.MP3 in Resources */ = {isa = PBXBuildFile; fileRef = 2063343D25DB98CB00256E10 /* bgm1.MP3 */; };
		2063344125DB98DA00256E10 /* itemget.mp3 in Resources */ = {isa = PBXBuildFile; fileRef = 2063344025DB98DA00256E10 /* itemget.mp3 */; };
		2063344425DB98F400256E10 /* i_ringo.gif in Resources */ = {isa = PBXBuildFile; fileRef = 2063344325DB98F400256E10 /* i_ringo.gif */; };
		2063344825DB9F7400256E10 /* gameover.MP3 in Resources */ = {isa = PBXBuildFile; fileRef = 2063344725DB9F7400256E10 /* gameover.MP3 */; };
		2063344B25DBA81C00256E10 /* bad.mp3 in Resources */ = {isa = PBXBuildFile; fileRef = 2063344A25DBA81C00256E10 /* bad.mp3 */; };
		2063344E25DBBB4A00256E10 /* baditem.mp3 in Resources */ = {isa = PBXBuildFile; fileRef = 2063344D25DBBB4A00256E10 /* baditem.mp3 */; };
		2063345125DBBB7600256E10 /* i_imokm.gif in Resources */ = {isa = PBXBuildFile; fileRef = 2063345025DBBB7600256E10 /* i_imokm.gif */; };
/* End PBXBuildFile section */

/* Begin PBXFileReference section */
		2011BD3E25D3D3AA0055264E /* FlappyBird.app */ = {isa = PBXFileReference; explicitFileType = wrapper.application; includeInIndex = 0; path = FlappyBird.app; sourceTree = BUILT_PRODUCTS_DIR; };
		2011BD4125D3D3AA0055264E /* AppDelegate.swift */ = {isa = PBXFileReference; lastKnownFileType = sourcecode.swift; path = AppDelegate.swift; sourceTree = "<group>"; };
		2011BD4325D3D3AA0055264E /* SceneDelegate.swift */ = {isa = PBXFileReference; lastKnownFileType = sourcecode.swift; path = SceneDelegate.swift; sourceTree = "<group>"; };
		2011BD4525D3D3AA0055264E /* ViewController.swift */ = {isa = PBXFileReference; lastKnownFileType = sourcecode.swift; path = ViewController.swift; sourceTree = "<group>"; };
		2011BD4825D3D3AA0055264E /* Base */ = {isa = PBXFileReference; lastKnownFileType = file.storyboard; name = Base; path = Base.lproj/Main.storyboard; sourceTree = "<group>"; };
		2011BD4A25D3D3AB0055264E /* Assets.xcassets */ = {isa = PBXFileReference; lastKnownFileType = folder.assetcatalog; path = Assets.xcassets; sourceTree = "<group>"; };
		2011BD4D25D3D3AB0055264E /* Base */ = {isa = PBXFileReference; lastKnownFileType = file.storyboard; name = Base; path = Base.lproj/LaunchScreen.storyboard; sourceTree = "<group>"; };
		2011BD4F25D3D3AB0055264E /* Info.plist */ = {isa = PBXFileReference; lastKnownFileType = text.plist.xml; path = Info.plist; sourceTree = "<group>"; };
		2011BD5725D3DA2D0055264E /* GameScene.swift */ = {isa = PBXFileReference; lastKnownFileType = sourcecode.swift; path = GameScene.swift; sourceTree = "<group>"; };
		2063343D25DB98CB00256E10 /* bgm1.MP3 */ = {isa = PBXFileReference; lastKnownFileType = audio.mp3; path = bgm1.MP3; sourceTree = "<group>"; };
		2063344025DB98DA00256E10 /* itemget.mp3 */ = {isa = PBXFileReference; lastKnownFileType = audio.mp3; path = itemget.mp3; sourceTree = "<group>"; };
		2063344325DB98F400256E10 /* i_ringo.gif */ = {isa = PBXFileReference; lastKnownFileType = image.gif; path = i_ringo.gif; sourceTree = "<group>"; };
		2063344725DB9F7400256E10 /* gameover.MP3 */ = {isa = PBXFileReference; lastKnownFileType = audio.mp3; path = gameover.MP3; sourceTree = "<group>"; };
		2063344A25DBA81C00256E10 /* bad.mp3 */ = {isa = PBXFileReference; lastKnownFileType = audio.mp3; path = bad.mp3; sourceTree = "<group>"; };
		2063344D25DBBB4A00256E10 /* baditem.mp3 */ = {isa = PBXFileReference; lastKnownFileType = audio.mp3; path = baditem.mp3; sourceTree = "<group>"; };
		2063345025DBBB7600256E10 /* i_imokm.gif */ = {isa = PBXFileReference; lastKnownFileType = image.gif; path = i_imokm.gif; sourceTree = "<group>"; };
/* End PBXFileReference section */

/* Begin PBXFrameworksBuildPhase section */
		2011BD3B25D3D3AA0055264E /* Frameworks */ = {
			isa = PBXFrameworksBuildPhase;
			buildActionMask = 2147483647;
			files = (
			);
			runOnlyForDeploymentPostprocessing = 0;
		};
/* End PBXFrameworksBuildPhase section */

/* Begin PBXGroup section */
		2011BD3525D3D3AA0055264E = {
			isa = PBXGroup;
			children = (
				2063344D25DBBB4A00256E10 /* baditem.mp3 */,
				2063344A25DBA81C00256E10 /* bad.mp3 */,
				2063344325DB98F400256E10 /* i_ringo.gif */,
				2063345025DBBB7600256E10 /* i_imokm.gif */,
				2063344725DB9F7400256E10 /* gameover.MP3 */,
				2063344025DB98DA00256E10 /* itemget.mp3 */,
				2063343D25DB98CB00256E10 /* bgm1.MP3 */,
				2011BD4025D3D3AA0055264E /* FlappyBird */,
				2011BD3F25D3D3AA0055264E /* Products */,
			);
			sourceTree = "<group>";
		};
		2011BD3F25D3D3AA0055264E /* Products */ = {
			isa = PBXGroup;
			children = (
				2011BD3E25D3D3AA0055264E /* FlappyBird.app */,
			);
			name = Products;
			sourceTree = "<group>";
		};
		2011BD4025D3D3AA0055264E /* FlappyBird */ = {
			isa = PBXGroup;
			children = (
				2011BD4125D3D3AA0055264E /* AppDelegate.swift */,
				2011BD4325D3D3AA0055264E /* SceneDelegate.swift */,
				2011BD4525D3D3AA0055264E /* ViewController.swift */,
				2011BD4725D3D3AA0055264E /* Main.storyboard */,
				2011BD5725D3DA2D0055264E /* GameScene.swift */,
				2011BD4A25D3D3AB0055264E /* Assets.xcassets */,
				2011BD4C25D3D3AB0055264E /* LaunchScreen.storyboard */,
				2011BD4F25D3D3AB0055264E /* Info.plist */,
			);
			path = FlappyBird;
			sourceTree = "<group>";
		};
/* End PBXGroup section */

/* Begin PBXNativeTarget section */
		2011BD3D25D3D3AA0055264E /* FlappyBird */ = {
			isa = PBXNativeTarget;
			buildConfigurationList = 2011BD5225D3D3AB0055264E /* Build configuration list for PBXNativeTarget "FlappyBird" */;
			buildPhases = (
				2011BD3A25D3D3AA0055264E /* Sources */,
				2011BD3B25D3D3AA0055264E /* Frameworks */,
				2011BD3C25D3D3AA0055264E /* Resources */,
			);
			buildRules = (
			);
			dependencies = (
			);
			name = FlappyBird;
			productName = FlappyBird;
			productReference = 2011BD3E25D3D3AA0055264E /* FlappyBird.app */;
			productType = "com.apple.product-type.application";
		};
/* End PBXNativeTarget section */

/* Begin PBXProject section */
		2011BD3625D3D3AA0055264E /* Project object */ = {
			isa = PBXProject;
			attributes = {
				LastSwiftUpdateCheck = 1230;
				LastUpgradeCheck = 1230;
				TargetAttributes = {
					2011BD3D25D3D3AA0055264E = {
						CreatedOnToolsVersion = 12.3;
					};
				};
			};
			buildConfigurationList = 2011BD3925D3D3AA0055264E /* Build configuration list for PBXProject "FlappyBird" */;
			compatibilityVersion = "Xcode 9.3";
			developmentRegion = en;
			hasScannedForEncodings = 0;
			knownRegions = (
				en,
				Base,
			);
			mainGroup = 2011BD3525D3D3AA0055264E;
			productRefGroup = 2011BD3F25D3D3AA0055264E /* Products */;
			projectDirPath = "";
			projectRoot = "";
			targets = (
				2011BD3D25D3D3AA0055264E /* FlappyBird */,
			);
		};
/* End PBXProject section */

/* Begin PBXResourcesBuildPhase section */
		2011BD3C25D3D3AA0055264E /* Resources */ = {
			isa = PBXResourcesBuildPhase;
			buildActionMask = 2147483647;
			files = (
				2063345125DBBB7600256E10 /* i_imokm.gif in Resources */,
				2063344425DB98F400256E10 /* i_ringo.gif in Resources */,
				2011BD4E25D3D3AB0055264E /* LaunchScreen.storyboard in Resources */,
				2063344125DB98DA00256E10 /* itemget.mp3 in Resources */,
				2063343E25DB98CB00256E10 /* bgm1.MP3 in Resources */,
				2063344E25DBBB4A00256E10 /* baditem.mp3 in Resources */,
				2063344B25DBA81C00256E10 /* bad.mp3 in Resources */,
				2011BD4B25D3D3AB0055264E /* Assets.xcassets in Resources */,
				2063344825DB9F7400256E10 /* gameover.MP3 in Resources */,
				2011BD4925D3D3AA0055264E /* Main.storyboard in Resources */,
			);
			runOnlyForDeploymentPostprocessing = 0;
		};
/* End PBXResourcesBuildPhase section */

/* Begin PBXSourcesBuildPhase section */
		2011BD3A25D3D3AA0055264E /* Sources */ = {
			isa = PBXSourcesBuildPhase;
			buildActionMask = 2147483647;
			files = (
				2011BD4625D3D3AA0055264E /* ViewController.swift in Sources */,
				2011BD4225D3D3AA0055264E /* AppDelegate.swift in Sources */,
				2011BD5825D3DA2D0055264E /* GameScene.swift in Sources */,
				2011BD4425D3D3AA0055264E /* SceneDelegate.swift in Sources */,
			);
			runOnlyForDeploymentPostprocessing = 0;
		};
/* End PBXSourcesBuildPhase section */

/* Begin PBXVariantGroup section */
		2011BD4725D3D3AA0055264E /* Main.storyboard */ = {
			isa = PBXVariantGroup;
			children = (
				2011BD4825D3D3AA0055264E /* Base */,
			);
			name = Main.storyboard;
			sourceTree = "<group>";
		};
		2011BD4C25D3D3AB0055264E /* LaunchScreen.storyboard */ = {
			isa = PBXVariantGroup;
			children = (
				2011BD4D25D3D3AB0055264E /* Base */,
			);
			name = LaunchScreen.storyboard;
			sourceTree = "<group>";
		};
/* End PBXVariantGroup section */

/* Begin XCBuildConfiguration section */
		2011BD5025D3D3AB0055264E /* Debug */ = {
			isa = XCBuildConfiguration;
			buildSettings = {
				ALWAYS_SEARCH_USER_PATHS = NO;
				CLANG_ANALYZER_NONNULL = YES;
				CLANG_ANALYZER_NUMBER_OBJECT_CONVERSION = YES_AGGRESSIVE;
				CLANG_CXX_LANGUAGE_STANDARD = "gnu++14";
				CLANG_CXX_LIBRARY = "libc++";
				CLANG_ENABLE_MODULES = YES;
				CLANG_ENABLE_OBJC_ARC = YES;
				CLANG_ENABLE_OBJC_WEAK = YES;
				CLANG_WARN_BLOCK_CAPTURE_AUTORELEASING = YES;
				CLANG_WARN_BOOL_CONVERSION = YES;
				CLANG_WARN_COMMA = YES;
				CLANG_WARN_CONSTANT_CONVERSION = YES;
				CLANG_WARN_DEPRECATED_OBJC_IMPLEMENTATIONS = YES;
				CLANG_WARN_DIRECT_OBJC_ISA_USAGE = YES_ERROR;
				CLANG_WARN_DOCUMENTATION_COMMENTS = YES;
				CLANG_WARN_EMPTY_BODY = YES;
				CLANG_WARN_ENUM_CONVERSION = YES;
				CLANG_WARN_INFINITE_RECURSION = YES;
				CLANG_WARN_INT_CONVERSION = YES;
				CLANG_WARN_NON_LITERAL_NULL_CONVERSION = YES;
				CLANG_WARN_OBJC_IMPLICIT_RETAIN_SELF = YES;
				CLANG_WARN_OBJC_LITERAL_CONVERSION = YES;
				CLANG_WARN_OBJC_ROOT_CLASS = YES_ERROR;
				CLANG_WARN_QUOTED_INCLUDE_IN_FRAMEWORK_HEADER = YES;
				CLANG_WARN_RANGE_LOOP_ANALYSIS = YES;
				CLANG_WARN_STRICT_PROTOTYPES = YES;
				CLANG_WARN_SUSPICIOUS_MOVE = YES;
				CLANG_WARN_UNGUARDED_AVAILABILITY = YES_AGGRESSIVE;
				CLANG_WARN_UNREACHABLE_CODE = YES;
				CLANG_WARN__DUPLICATE_METHOD_MATCH = YES;
				COPY_PHASE_STRIP = NO;
				DEBUG_INFORMATION_FORMAT = dwarf;
				ENABLE_STRICT_OBJC_MSGSEND = YES;
				ENABLE_TESTABILITY = YES;
				GCC_C_LANGUAGE_STANDARD = gnu11;
				GCC_DYNAMIC_NO_PIC = NO;
				GCC_NO_COMMON_BLOCKS = YES;
				GCC_OPTIMIZATION_LEVEL = 0;
				GCC_PREPROCESSOR_DEFINITIONS = (
					"DEBUG=1",
					"$(inherited)",
				);
				GCC_WARN_64_TO_32_BIT_CONVERSION = YES;
				GCC_WARN_ABOUT_RETURN_TYPE = YES_ERROR;
				GCC_WARN_UNDECLARED_SELECTOR = YES;
				GCC_WARN_UNINITIALIZED_AUTOS = YES_AGGRESSIVE;
				GCC_WARN_UNUSED_FUNCTION = YES;
				GCC_WARN_UNUSED_VARIABLE = YES;
				IPHONEOS_DEPLOYMENT_TARGET = 14.3;
				MTL_ENABLE_DEBUG_INFO = INCLUDE_SOURCE;
				MTL_FAST_MATH = YES;
				ONLY_ACTIVE_ARCH = YES;
				SDKROOT = iphoneos;
				SWIFT_ACTIVE_COMPILATION_CONDITIONS = DEBUG;
				SWIFT_OPTIMIZATION_LEVEL = "-Onone";
			};
			name = Debug;
		};
		2011BD5125D3D3AB0055264E /* Release */ = {
			isa = XCBuildConfiguration;
			buildSettings = {
				ALWAYS_SEARCH_USER_PATHS = NO;
				CLANG_ANALYZER_NONNULL = YES;
				CLANG_ANALYZER_NUMBER_OBJECT_CONVERSION = YES_AGGRESSIVE;
				CLANG_CXX_LANGUAGE_STANDARD = "gnu++14";
				CLANG_CXX_LIBRARY = "libc++";
				CLANG_ENABLE_MODULES = YES;
				CLANG_ENABLE_OBJC_ARC = YES;
				CLANG_ENABLE_OBJC_WEAK = YES;
				CLANG_WARN_BLOCK_CAPTURE_AUTORELEASING = YES;
				CLANG_WARN_BOOL_CONVERSION = YES;
				CLANG_WARN_COMMA = YES;
				CLANG_WARN_CONSTANT_CONVERSION = YES;
				CLANG_WARN_DEPRECATED_OBJC_IMPLEMENTATIONS = YES;
				CLANG_WARN_DIRECT_OBJC_ISA_USAGE = YES_ERROR;
				CLANG_WARN_DOCUMENTATION_COMMENTS = YES;
				CLANG_WARN_EMPTY_BODY = YES;
				CLANG_WARN_ENUM_CONVERSION = YES;
				CLANG_WARN_INFINITE_RECURSION = YES;
				CLANG_WARN_INT_CONVERSION = YES;
				CLANG_WARN_NON_LITERAL_NULL_CONVERSION = YES;
				CLANG_WARN_OBJC_IMPLICIT_RETAIN_SELF = YES;
				CLANG_WARN_OBJC_LITERAL_CONVERSION = YES;
				CLANG_WARN_OBJC_ROOT_CLASS = YES_ERROR;
				CLANG_WARN_QUOTED_INCLUDE_IN_FRAMEWORK_HEADER = YES;
				CLANG_WARN_RANGE_LOOP_ANALYSIS = YES;
				CLANG_WARN_STRICT_PROTOTYPES = YES;
				CLANG_WARN_SUSPICIOUS_MOVE = YES;
				CLANG_WARN_UNGUARDED_AVAILABILITY = YES_AGGRESSIVE;
				CLANG_WARN_UNREACHABLE_CODE = YES;
				CLANG_WARN__DUPLICATE_METHOD_MATCH = YES;
				COPY_PHASE_STRIP = NO;
				DEBUG_INFORMATION_FORMAT = "dwarf-with-dsym";
				ENABLE_NS_ASSERTIONS = NO;
				ENABLE_STRICT_OBJC_MSGSEND = YES;
				GCC_C_LANGUAGE_STANDARD = gnu11;
				GCC_NO_COMMON_BLOCKS = YES;
				GCC_WARN_64_TO_32_BIT_CONVERSION = YES;
				GCC_WARN_ABOUT_RETURN_TYPE = YES_ERROR;
				GCC_WARN_UNDECLARED_SELECTOR = YES;
				GCC_WARN_UNINITIALIZED_AUTOS = YES_AGGRESSIVE;
				GCC_WARN_UNUSED_FUNCTION = YES;
				GCC_WARN_UNUSED_VARIABLE = YES;
				IPHONEOS_DEPLOYMENT_TARGET = 14.3;
				MTL_ENABLE_DEBUG_INFO = NO;
				MTL_FAST_MATH = YES;
				SDKROOT = iphoneos;
				SWIFT_COMPILATION_MODE = wholemodule;
				SWIFT_OPTIMIZATION_LEVEL = "-O";
				VALIDATE_PRODUCT = YES;
			};
			name = Release;
		};
		2011BD5325D3D3AB0055264E /* Debug */ = {
			isa = XCBuildConfiguration;
			buildSettings = {
				ASSETCATALOG_COMPILER_APPICON_NAME = AppIcon;
				ASSETCATALOG_COMPILER_GLOBAL_ACCENT_COLOR_NAME = AccentColor;
				CODE_SIGN_STYLE = Automatic;
				INFOPLIST_FILE = FlappyBird/Info.plist;
				LD_RUNPATH_SEARCH_PATHS = (
					"$(inherited)",
					"@executable_path/Frameworks",
				);
				PRODUCT_BUNDLE_IDENTIFIER = "jp.techacademy.K.S-TF.FlappyBird";
				PRODUCT_NAME = "$(TARGET_NAME)";
				SWIFT_VERSION = 5.0;
				TARGETED_DEVICE_FAMILY = 1;
			};
			name = Debug;
		};
		2011BD5425D3D3AB0055264E /* Release */ = {
			isa = XCBuildConfiguration;
			buildSettings = {
				ASSETCATALOG_COMPILER_APPICON_NAME = AppIcon;
				ASSETCATALOG_COMPILER_GLOBAL_ACCENT_COLOR_NAME = AccentColor;
				CODE_SIGN_STYLE = Automatic;
				INFOPLIST_FILE = FlappyBird/Info.plist;
				LD_RUNPATH_SEARCH_PATHS = (
					"$(inherited)",
					"@executable_path/Frameworks",
				);
				PRODUCT_BUNDLE_IDENTIFIER = "jp.techacademy.K.S-TF.FlappyBird";
				PRODUCT_NAME = "$(TARGET_NAME)";
				SWIFT_VERSION = 5.0;
				TARGETED_DEVICE_FAMILY = 1;
			};
			name = Release;
		};
/* End XCBuildConfiguration section */

/* Begin XCConfigurationList section */
		2011BD3925D3D3AA0055264E /* Build configuration list for PBXProject "FlappyBird" */ = {
			isa = XCConfigurationList;
			buildConfigurations = (
				2011BD5025D3D3AB0055264E /* Debug */,
				2011BD5125D3D3AB0055264E /* Release */,
			);
			defaultConfigurationIsVisible = 0;
			defaultConfigurationName = Release;
		};
		2011BD5225D3D3AB0055264E /* Build configuration list for PBXNativeTarget "FlappyBird" */ = {
			isa = XCConfigurationList;
			buildConfigurations = (
				2011BD5325D3D3AB0055264E /* Debug */,
				2011BD5425D3D3AB0055264E /* Release */,
			);
			defaultConfigurationIsVisible = 0;
			defaultConfigurationName = Release;
		};
/* End XCConfigurationList section */
	};
	rootObject = 2011BD3625D3D3AA0055264E /* Project object */;
}
